
Microsoft Visual Studio Solution File, Format Version 12.00
# Visual Studio Version 16
VisualStudioVersion = 16.0.29215.179
MinimumVisualStudioVersion = 15.0.26124.0
Project("{9A19103F-16F7-4668-BE54-9A1E7A4F7556}") = "AlamoCorp.Web.Core", "AlamoCorp.Web.Core\AlamoCorp.Web.Core.csproj", "{A3D38BA9-3DE2-45A3-9604-4DA703985B74}"
EndProject
Project("{9A19103F-16F7-4668-BE54-9A1E7A4F7556}") = "AlamoCorp.Web.API", "AlamoCorp.Web.API\AlamoCorp.Web.API.csproj", "{344F5A17-F2F8-4E0E-83D4-68D7A994F96C}"
EndProject
Project("{9A19103F-16F7-4668-BE54-9A1E7A4F7556}") = "AlamoCorp.Web.AzFunction", "AlamoCorp.Web.AzFunction\AlamoCorp.Web.AzFunction.csproj", "{CEF2EC4B-1676-4F20-9A98-74CAC54D176C}"
EndProject
Project("{9A19103F-16F7-4668-BE54-9A1E7A4F7556}") = "AlamoCorp.Website", "AlamoCorp.Website\AlamoCorp.Website.csproj", "{80F837C5-8071-4569-9D2F-665EE6A2F053}"
EndProject
Project("{FAE04EC0-301F-11D3-BF4B-00C04F79EFBC}") = "AlamoCorp.WebAPI.Tests", "AlamoCorp.WebAPI.Tests\AlamoCorp.WebAPI.Tests.csproj", "{1D9D28EF-6204-4B63-90F1-CA5291DA110E}"
EndProject
Global
	GlobalSection(SolutionConfigurationPlatforms) = preSolution
		Debug|Any CPU = Debug|Any CPU
		Debug|x64 = Debug|x64
		Debug|x86 = Debug|x86
		Release|Any CPU = Release|Any CPU
		Release|x64 = Release|x64
		Release|x86 = Release|x86
	EndGlobalSection
	GlobalSection(ProjectConfigurationPlatforms) = postSolution
		{A3D38BA9-3DE2-45A3-9604-4DA703985B74}.Debug|Any CPU.ActiveCfg = Debug|Any CPU
		{A3D38BA9-3DE2-45A3-9604-4DA703985B74}.Debug|Any CPU.Build.0 = Debug|Any CPU
		{A3D38BA9-3DE2-45A3-9604-4DA703985B74}.Debug|x64.ActiveCfg = Debug|Any CPU
		{A3D38BA9-3DE2-45A3-9604-4DA703985B74}.Debug|x64.Build.0 = Debug|Any CPU
		{A3D38BA9-3DE2-45A3-9604-4DA703985B74}.Debug|x86.ActiveCfg = Debug|Any CPU
		{A3D38BA9-3DE2-45A3-9604-4DA703985B74}.Debug|x86.Build.0 = Debug|Any CPU
		{A3D38BA9-3DE2-45A3-9604-4DA703985B74}.Release|Any CPU.ActiveCfg = Release|Any CPU
		{A3D38BA9-3DE2-45A3-9604-4DA703985B74}.Release|Any CPU.Build.0 = Release|Any CPU
		{A3D38BA9-3DE2-45A3-9604-4DA703985B74}.Release|x64.ActiveCfg = Release|Any CPU
		{A3D38BA9-3DE2-45A3-9604-4DA703985B74}.Release|x64.Build.0 = Release|Any CPU
		{A3D38BA9-3DE2-45A3-9604-4DA703985B74}.Release|x86.ActiveCfg = Release|Any CPU
		{A3D38BA9-3DE2-45A3-9604-4DA703985B74}.Release|x86.Build.0 = Release|Any CPU
		{344F5A17-F2F8-4E0E-83D4-68D7A994F96C}.Debug|Any CPU.ActiveCfg = Debug|Any CPU
		{344F5A17-F2F8-4E0E-83D4-68D7A994F96C}.Debug|Any CPU.Build.0 = Debug|Any CPU
		{344F5A17-F2F8-4E0E-83D4-68D7A994F96C}.Debug|x64.ActiveCfg = Debug|Any CPU
		{344F5A17-F2F8-4E0E-83D4-68D7A994F96C}.Debug|x64.Build.0 = Debug|Any CPU
		{344F5A17-F2F8-4E0E-83D4-68D7A994F96C}.Debug|x86.ActiveCfg = Debug|Any CPU
		{344F5A17-F2F8-4E0E-83D4-68D7A994F96C}.Debug|x86.Build.0 = Debug|Any CPU
		{344F5A17-F2F8-4E0E-83D4-68D7A994F96C}.Release|Any CPU.ActiveCfg = Release|Any CPU
		{344F5A17-F2F8-4E0E-83D4-68D7A994F96C}.Release|Any CPU.Build.0 = Release|Any CPU
		{344F5A17-F2F8-4E0E-83D4-68D7A994F96C}.Release|x64.ActiveCfg = Release|Any CPU
		{344F5A17-F2F8-4E0E-83D4-68D7A994F96C}.Release|x64.Build.0 = Release|Any CPU
		{344F5A17-F2F8-4E0E-83D4-68D7A994F96C}.Release|x86.ActiveCfg = Release|Any CPU
		{344F5A17-F2F8-4E0E-83D4-68D7A994F96C}.Release|x86.Build.0 = Release|Any CPU
		{CEF2EC4B-1676-4F20-9A98-74CAC54D176C}.Debug|Any CPU.ActiveCfg = Debug|Any CPU
		{CEF2EC4B-1676-4F20-9A98-74CAC54D176C}.Debug|Any CPU.Build.0 = Debug|Any CPU
		{CEF2EC4B-1676-4F20-9A98-74CAC54D176C}.Debug|x64.ActiveCfg = Debug|Any CPU
		{CEF2EC4B-1676-4F20-9A98-74CAC54D176C}.Debug|x64.Build.0 = Debug|Any CPU
		{CEF2EC4B-1676-4F20-9A98-74CAC54D176C}.Debug|x86.ActiveCfg = Debug|Any CPU
		{CEF2EC4B-1676-4F20-9A98-74CAC54D176C}.Debug|x86.Build.0 = Debug|Any CPU
		{CEF2EC4B-1676-4F20-9A98-74CAC54D176C}.Release|Any CPU.ActiveCfg = Release|Any CPU
		{CEF2EC4B-1676-4F20-9A98-74CAC54D176C}.Release|Any CPU.Build.0 = Release|Any CPU
		{CEF2EC4B-1676-4F20-9A98-74CAC54D176C}.Release|x64.ActiveCfg = Release|Any CPU
		{CEF2EC4B-1676-4F20-9A98-74CAC54D176C}.Release|x64.Build.0 = Release|Any CPU
		{CEF2EC4B-1676-4F20-9A98-74CAC54D176C}.Release|x86.ActiveCfg = Release|Any CPU
		{CEF2EC4B-1676-4F20-9A98-74CAC54D176C}.Release|x86.Build.0 = Release|Any CPU
		{80F837C5-8071-4569-9D2F-665EE6A2F053}.Debug|Any CPU.ActiveCfg = Debug|Any CPU
		{80F837C5-8071-4569-9D2F-665EE6A2F053}.Debug|Any CPU.Build.0 = Debug|Any CPU
		{80F837C5-8071-4569-9D2F-665EE6A2F053}.Debug|x64.ActiveCfg = Debug|Any CPU
		{80F837C5-8071-4569-9D2F-665EE6A2F053}.Debug|x64.Build.0 = Debug|Any CPU
		{80F837C5-8071-4569-9D2F-665EE6A2F053}.Debug|x86.ActiveCfg = Debug|Any CPU
		{80F837C5-8071-4569-9D2F-665EE6A2F053}.Debug|x86.Build.0 = Debug|Any CPU
		{80F837C5-8071-4569-9D2F-665EE6A2F053}.Release|Any CPU.ActiveCfg = Release|Any CPU
		{80F837C5-8071-4569-9D2F-665EE6A2F053}.Release|Any CPU.Build.0 = Release|Any CPU
		{80F837C5-8071-4569-9D2F-665EE6A2F053}.Release|x64.ActiveCfg = Release|Any CPU
		{80F837C5-8071-4569-9D2F-665EE6A2F053}.Release|x64.Build.0 = Release|Any CPU
		{80F837C5-8071-4569-9D2F-665EE6A2F053}.Release|x86.ActiveCfg = Release|Any CPU
		{80F837C5-8071-4569-9D2F-665EE6A2F053}.Release|x86.Build.0 = Release|Any CPU
		{1D9D28EF-6204-4B63-90F1-CA5291DA110E}.Debug|Any CPU.ActiveCfg = Debug|Any CPU
		{1D9D28EF-6204-4B63-90F1-CA5291DA110E}.Debug|Any CPU.Build.0 = Debug|Any CPU
		{1D9D28EF-6204-4B63-90F1-CA5291DA110E}.Debug|x64.ActiveCfg = Debug|Any CPU
		{1D9D28EF-6204-4B63-90F1-CA5291DA110E}.Debug|x64.Build.0 = Debug|Any CPU
		{1D9D28EF-6204-4B63-90F1-CA5291DA110E}.Debug|x86.ActiveCfg = Debug|Any CPU
		{1D9D28EF-6204-4B63-90F1-CA5291DA110E}.Debug|x86.Build.0 = Debug|Any CPU
		{1D9D28EF-6204-4B63-90F1-CA5291DA110E}.Release|Any CPU.ActiveCfg = Release|Any CPU
		{1D9D28EF-6204-4B63-90F1-CA5291DA110E}.Release|Any CPU.Build.0 = Release|Any CPU
		{1D9D28EF-6204-4B63-90F1-CA5291DA110E}.Release|x64.ActiveCfg = Release|Any CPU
		{1D9D28EF-6204-4B63-90F1-CA5291DA110E}.Release|x64.Build.0 = Release|Any CPU
		{1D9D28EF-6204-4B63-90F1-CA5291DA110E}.Release|x86.ActiveCfg = Release|Any CPU
		{1D9D28EF-6204-4B63-90F1-CA5291DA110E}.Release|x86.Build.0 = Release|Any CPU
	EndGlobalSection
	GlobalSection(SolutionProperties) = preSolution
		HideSolutionNode = FALSE
	EndGlobalSection
	GlobalSection(ExtensibilityGlobals) = postSolution
		SolutionGuid = {49299413-9A80-4E3D-AD45-6455E7541178}
	EndGlobalSection
EndGlobal
